<?xml version="1.0" encoding="utf-8"?>
<Project ToolsVersion="4.0" xmlns="http://schemas.microsoft.com/developer/msbuild/2003">
  <ItemGroup>
    <Filter Include="Source Files">
      <UniqueIdentifier>{4FC737F1-C7A5-4376-A066-2A32D752A2FF}</UniqueIdentifier>
      <Extensions>cpp;c;cc;cxx;def;odl;idl;hpj;bat;asm;asmx</Extensions>
    </Filter>
    <Filter Include="Header Files">
      <UniqueIdentifier>{93995380-89BD-4b04-88EB-625FBE52EBFB}</UniqueIdentifier>
      <Extensions>h;hh;hpp;hxx;hm;inl;inc;xsd</Extensions>
    </Filter>
    <Filter Include="Resource Files">
      <UniqueIdentifier>{67DA6AB6-F800-4c08-8B7A-83BB121AAD01}</UniqueIdentifier>
      <Extensions>rc;ico;cur;bmp;dlg;rc2;rct;bin;rgs;gif;jpg;jpeg;jpe;resx;tiff;tif;png;wav;mfcribbon-ms</Extensions>
    </Filter>
    <Filter Include="Shaders">
      <UniqueIdentifier>{9fcc701b-120c-4d58-99ad-c838828db525}</UniqueIdentifier>
    </Filter>
    <Filter Include="Source Files\Renderer">
      <UniqueIdentifier>{f90dc4ad-d20a-4119-8a9c-375d1ddd0fe0}</UniqueIdentifier>
    </Filter>
    <Filter Include="Header Files\Renderer">
      <UniqueIdentifier>{2e943fd2-25e4-4ba4-933a-fec279f56344}</UniqueIdentifier>
    </Filter>
    <Filter Include="Source Files\Framework">
      <UniqueIdentifier>{3227290d-c73f-4f24-b8cd-5ec853fe4190}</UniqueIdentifier>
    </Filter>
    <Filter Include="Header Files\Framework">
      <UniqueIdentifier>{3a3c6fb6-853d-4e27-b66a-bce5df9e2506}</UniqueIdentifier>
    </Filter>
    <Filter Include="Header Files\Framework\Components">
      <UniqueIdentifier>{d9bbaed2-f9ba-4b9c-985e-3502e01b84d7}</UniqueIdentifier>
    </Filter>
    <Filter Include="Header Files\Framework\Systems">
      <UniqueIdentifier>{d7b1fe85-566d-4918-8d4c-5022239ee7b6}</UniqueIdentifier>
    </Filter>
    <Filter Include="Source Files\Framework\Systems">
      <UniqueIdentifier>{d50abe4d-e7a1-490d-8079-4cb3722fe426}</UniqueIdentifier>
    </Filter>
    <Filter Include="Header Files\Console">
      <UniqueIdentifier>{1175e0ae-5dc7-4564-aee0-ef0b6f5a565e}</UniqueIdentifier>
    </Filter>
    <Filter Include="Source Files\Console">
      <UniqueIdentifier>{a2c968c0-6b74-4e82-8e59-d4ab370daf91}</UniqueIdentifier>
    </Filter>
    <Filter Include="Shaders\Console">
      <UniqueIdentifier>{e1a18399-a804-47f5-a346-333af61c181b}</UniqueIdentifier>
    </Filter>
  </ItemGroup>
  <ItemGroup>
    <ClCompile Include="main.cpp">
      <Filter>Source Files</Filter>
    </ClCompile>
    <ClCompile Include="Game.cpp">
      <Filter>Source Files</Filter>
    </ClCompile>
    <ClCompile Include="Renderer\Camera.cpp">
      <Filter>Source Files\Renderer</Filter>
    </ClCompile>
    <ClCompile Include="Renderer\Material.cpp">
      <Filter>Source Files\Renderer</Filter>
    </ClCompile>
    <ClCompile Include="Renderer\Model.cpp">
      <Filter>Source Files\Renderer</Filter>
    </ClCompile>
    <ClCompile Include="Renderer\ModelLoader.cpp">
      <Filter>Source Files\Renderer</Filter>
    </ClCompile>
    <ClCompile Include="Renderer\Renderer.cpp">
      <Filter>Source Files\Renderer</Filter>
    </ClCompile>
    <ClCompile Include="Renderer\Shader.cpp">
      <Filter>Source Files\Renderer</Filter>
    </ClCompile>
    <ClCompile Include="Renderer\Texture.cpp">
      <Filter>Source Files\Renderer</Filter>
    </ClCompile>
    <ClCompile Include="Framework\Entity.cpp">
      <Filter>Source Files\Framework</Filter>
    </ClCompile>
    <ClCompile Include="Framework\System.cpp">
      <Filter>Source Files\Framework</Filter>
    </ClCompile>
    <ClCompile Include="Console\Console.cpp">
      <Filter>Source Files\Console</Filter>
    </ClCompile>
    <ClCompile Include="Console\Callbacks.cpp">
      <Filter>Source Files\Console</Filter>
    </ClCompile>
    <ClCompile Include="Framework\Systems\TestMovementSystem.cpp">
      <Filter>Source Files\Framework\Systems</Filter>
    </ClCompile>
    <ClCompile Include="Framework\Systems\ModelRenderSystem.cpp">
      <Filter>Source Files\Framework\Systems</Filter>
    </ClCompile>
    <ClCompile Include="Framework\Systems\CollisionUpdateSystem.cpp">
      <Filter>Source Files\Framework\Systems</Filter>
    </ClCompile>
    <ClCompile Include="Renderer\Box.cpp">
      <Filter>Source Files\Renderer</Filter>
    </ClCompile>
    <ClCompile Include="Transform.cpp">
      <Filter>Source Files</Filter>
    </ClCompile>
    <ClCompile Include="Framework\Systems\CameraSystem.cpp">
      <Filter>Source Files</Filter>
    </ClCompile>
    <ClCompile Include="Util.cpp">
      <Filter>Source Files</Filter>
    </ClCompile>
    <ClCompile Include="Renderer\RenderUtil.cpp">
      <Filter>Source Files</Filter>
    </ClCompile>
    <ClCompile Include="Console\Font.cpp">
      <Filter>Source Files</Filter>
    </ClCompile>
    <ClCompile Include="Framework\Systems\PlayerInputSystem.cpp">
      <Filter>Source Files</Filter>
    </ClCompile>
    <ClCompile Include="Framework\Systems\RigidbodyMotorSystem.cpp">
      <Filter>Source Files</Filter>
    </ClCompile>
  </ItemGroup>
  <ItemGroup>
    <ClInclude Include="Game.h">
      <Filter>Header Files</Filter>
    </ClInclude>
    <ClInclude Include="Util.h">
      <Filter>Header Files</Filter>
    </ClInclude>
    <ClInclude Include="Renderer\Camera.h">
      <Filter>Header Files\Renderer</Filter>
    </ClInclude>
    <ClInclude Include="Renderer\Material.h">
      <Filter>Header Files\Renderer</Filter>
    </ClInclude>
    <ClInclude Include="Renderer\Model.h">
      <Filter>Header Files\Renderer</Filter>
    </ClInclude>
    <ClInclude Include="Renderer\ModelLoader.h">
      <Filter>Header Files\Renderer</Filter>
    </ClInclude>
    <ClInclude Include="Renderer\Renderer.h">
      <Filter>Header Files\Renderer</Filter>
    </ClInclude>
    <ClInclude Include="Renderer\Shader.h">
      <Filter>Header Files\Renderer</Filter>
    </ClInclude>
    <ClInclude Include="Renderer\Texture.h">
      <Filter>Header Files\Renderer</Filter>
    </ClInclude>
    <ClInclude Include="Framework\Entity.h">
      <Filter>Header Files\Framework</Filter>
    </ClInclude>
    <ClInclude Include="Framework\System.h">
      <Filter>Header Files\Framework</Filter>
    </ClInclude>
    <ClInclude Include="Framework\Component.h">
      <Filter>Header Files\Framework</Filter>
    </ClInclude>
    <ClInclude Include="Framework\Components\CameraComponent.h">
      <Filter>Header Files\Framework\Components</Filter>
    </ClInclude>
    <ClInclude Include="Framework\Components\CollisionComponent.h">
      <Filter>Header Files\Framework\Components</Filter>
    </ClInclude>
    <ClInclude Include="Console\Console.h">
      <Filter>Header Files\Console</Filter>
    </ClInclude>
    <ClInclude Include="Console\Callbacks.h">
      <Filter>Header Files\Console</Filter>
    </ClInclude>
    <ClInclude Include="Framework\Systems\TestMovementSystem.h">
      <Filter>Header Files\Framework\Systems</Filter>
    </ClInclude>
    <ClInclude Include="Framework\Components\TestMovementComponent.h">
      <Filter>Header Files\Framework\Components</Filter>
    </ClInclude>
    <ClInclude Include="Framework\Systems\ModelRenderSystem.h">
      <Filter>Header Files\Framework\Systems</Filter>
    </ClInclude>
    <ClInclude Include="Framework\Components\ModelRenderComponent.h">
      <Filter>Header Files\Framework\Components</Filter>
    </ClInclude>
    <ClInclude Include="Framework\Components\TransformComponent.h">
      <Filter>Header Files\Framework\Components</Filter>
    </ClInclude>
    <ClInclude Include="Framework\Systems\CollisionUpdateSystem.h">
      <Filter>Header Files\Framework\Systems</Filter>
    </ClInclude>
    <ClInclude Include="Renderer\Box.h">
      <Filter>Header Files\Renderer</Filter>
    </ClInclude>
    <ClInclude Include="Framework\World.h">
      <Filter>Header Files\Framework</Filter>
    </ClInclude>
    <ClInclude Include="Transform.h">
      <Filter>Header Files</Filter>
    </ClInclude>
    <ClInclude Include="Framework\Systems\CameraSystem.h">
      <Filter>Header Files</Filter>
    </ClInclude>
    <ClInclude Include="Renderer\RenderUtil.h">
      <Filter>Header Files</Filter>
    </ClInclude>
    <ClInclude Include="Console\Font.h">
      <Filter>Header Files</Filter>
    </ClInclude>
    <ClInclude Include="Framework\Components\RigidbodyMotorComponent.h">
      <Filter>Header Files</Filter>
    </ClInclude>
    <ClInclude Include="Framework\Systems\PlayerInputSystem.h">
      <Filter>Header Files</Filter>
    </ClInclude>
    <ClInclude Include="Framework\Components\PlayerComponent.h">
      <Filter>Header Files</Filter>
    </ClInclude>
    <ClInclude Include="Framework\Systems\RigidbodyMotorSystem.h">
      <Filter>Header Files</Filter>
    </ClInclude>
  </ItemGroup>
  <ItemGroup>
    <None Include="Shaders\back.frag">
      <Filter>Shaders\Console</Filter>
    </None>
    <None Include="Shaders\back.vert">
      <Filter>Shaders\Console</Filter>
    </None>
    <None Include="Shaders\basic.vert">
      <Filter>Shaders</Filter>
    </None>
    <None Include="Shaders\skybox.frag">
      <Filter>Shaders</Filter>
    </None>
    <None Include="Shaders\skybox.vert">
      <Filter>Shaders</Filter>
    </None>
    <None Include="Shaders\textured.frag">
      <Filter>Shaders</Filter>
    </None>
    <None Include="Shaders\text.vert">
      <Filter>Shaders\Console</Filter>
    </None>
    <None Include="Shaders\text.frag">
      <Filter>Shaders\Console</Filter>
    </None>
    <None Include="Shaders\white.frag">
      <Filter>Shaders</Filter>
    </None>
    <None Include="Shaders\lightcolor.frag" />
    <None Include="Shaders\skinned.vert" />
  </ItemGroup>
</Project>